Microsoft Visual Studio Solution File, Format Version 12.00
# Visual Studio 16
Project("{2150E333-8FDC-42A3-9474-1A3956D46DE8}") = "CMakePredefinedTargets", "CMakePredefinedTargets", "{02FF2DA9-C484-3AF1-9998-E74F6C969892}"
EndProject
Project("{2150E333-8FDC-42A3-9474-1A3956D46DE8}") = "GLFW3", "GLFW3", "{78DF4FDA-9DC0-3548-9684-56846B51C66C}"
EndProject
Project("{8BC9CEB8-8B4A-11D0-8D11-00A0C91BC942}") = "ALL_BUILD", "ALL_BUILD.vcxproj", "{657A9FC4-DBDD-3491-85E7-7AA2041B63C2}"
	ProjectSection(ProjectDependencies) = postProject
		{B6DF1106-10C8-3BC7-B0AC-B1EBB6B6D294} = {B6DF1106-10C8-3BC7-B0AC-B1EBB6B6D294}
	EndProjectSection
EndProject
Project("{8BC9CEB8-8B4A-11D0-8D11-00A0C91BC942}") = "FlingEngine", "..\FlingEngine\FlingEngine.vcxproj", "{D2E1F679-E8F5-34D3-9AF1-60134681F213}"
	ProjectSection(ProjectDependencies) = postProject
		{DE67576A-5BF1-3CA0-8DDD-1A5DD595CC81} = {DE67576A-5BF1-3CA0-8DDD-1A5DD595CC81}
		{6EF74E9F-1F8D-3776-8E7E-41254C5C1C7A} = {6EF74E9F-1F8D-3776-8E7E-41254C5C1C7A}
		{E6876218-8B89-3A8E-B497-D6D88A3F9018} = {E6876218-8B89-3A8E-B497-D6D88A3F9018}
		{6F8C6FA1-C10F-344A-9726-1206DF0E60C2} = {6F8C6FA1-C10F-344A-9726-1206DF0E60C2}
		{36D808E4-C70C-3BD6-A7E9-B3C2A660BFF7} = {36D808E4-C70C-3BD6-A7E9-B3C2A660BFF7}
		{5729F205-695B-3D01-8250-1FB682380BD9} = {5729F205-695B-3D01-8250-1FB682380BD9}
	EndProjectSection
EndProject
Project("{8BC9CEB8-8B4A-11D0-8D11-00A0C91BC942}") = "INSTALL", "INSTALL.vcxproj", "{8BE921A0-C6F1-3C67-9D0F-74D4F77145FC}"
	ProjectSection(ProjectDependencies) = postProject
		{657A9FC4-DBDD-3491-85E7-7AA2041B63C2} = {657A9FC4-DBDD-3491-85E7-7AA2041B63C2}
	EndProjectSection
EndProject
Project("{8BC9CEB8-8B4A-11D0-8D11-00A0C91BC942}") = "ImGui", "..\external\imgui\ImGui.vcxproj", "{DE67576A-5BF1-3CA0-8DDD-1A5DD595CC81}"
	ProjectSection(ProjectDependencies) = postProject
	EndProjectSection
EndProject
Project("{8BC9CEB8-8B4A-11D0-8D11-00A0C91BC942}") = "Sandbox", "Sandbox.vcxproj", "{B6DF1106-10C8-3BC7-B0AC-B1EBB6B6D294}"
	ProjectSection(ProjectDependencies) = postProject
		{D2E1F679-E8F5-34D3-9AF1-60134681F213} = {D2E1F679-E8F5-34D3-9AF1-60134681F213}
		{DE67576A-5BF1-3CA0-8DDD-1A5DD595CC81} = {DE67576A-5BF1-3CA0-8DDD-1A5DD595CC81}
		{6EF74E9F-1F8D-3776-8E7E-41254C5C1C7A} = {6EF74E9F-1F8D-3776-8E7E-41254C5C1C7A}
		{E6876218-8B89-3A8E-B497-D6D88A3F9018} = {E6876218-8B89-3A8E-B497-D6D88A3F9018}
		{6F8C6FA1-C10F-344A-9726-1206DF0E60C2} = {6F8C6FA1-C10F-344A-9726-1206DF0E60C2}
		{36D808E4-C70C-3BD6-A7E9-B3C2A660BFF7} = {36D808E4-C70C-3BD6-A7E9-B3C2A660BFF7}
		{5729F205-695B-3D01-8250-1FB682380BD9} = {5729F205-695B-3D01-8250-1FB682380BD9}
	EndProjectSection
EndProject
Project("{8BC9CEB8-8B4A-11D0-8D11-00A0C91BC942}") = "glfw", "..\external\glfw\src\glfw.vcxproj", "{6EF74E9F-1F8D-3776-8E7E-41254C5C1C7A}"
	ProjectSection(ProjectDependencies) = postProject
	EndProjectSection
EndProject
Project("{8BC9CEB8-8B4A-11D0-8D11-00A0C91BC942}") = "spirv-cross-core", "..\external\SPIRV-Cross\spirv-cross-core.vcxproj", "{E6876218-8B89-3A8E-B497-D6D88A3F9018}"
	ProjectSection(ProjectDependencies) = postProject
	EndProjectSection
EndProject
Project("{8BC9CEB8-8B4A-11D0-8D11-00A0C91BC942}") = "spirv-cross-cpp", "..\external\SPIRV-Cross\spirv-cross-cpp.vcxproj", "{6F8C6FA1-C10F-344A-9726-1206DF0E60C2}"
	ProjectSection(ProjectDependencies) = postProject
		{E6876218-8B89-3A8E-B497-D6D88A3F9018} = {E6876218-8B89-3A8E-B497-D6D88A3F9018}
		{36D808E4-C70C-3BD6-A7E9-B3C2A660BFF7} = {36D808E4-C70C-3BD6-A7E9-B3C2A660BFF7}
	EndProjectSection
EndProject
Project("{8BC9CEB8-8B4A-11D0-8D11-00A0C91BC942}") = "spirv-cross-glsl", "..\external\SPIRV-Cross\spirv-cross-glsl.vcxproj", "{36D808E4-C70C-3BD6-A7E9-B3C2A660BFF7}"
	ProjectSection(ProjectDependencies) = postProject
		{E6876218-8B89-3A8E-B497-D6D88A3F9018} = {E6876218-8B89-3A8E-B497-D6D88A3F9018}
	EndProjectSection
EndProject
Project("{8BC9CEB8-8B4A-11D0-8D11-00A0C91BC942}") = "spirv-cross-reflect", "..\external\SPIRV-Cross\spirv-cross-reflect.vcxproj", "{5729F205-695B-3D01-8250-1FB682380BD9}"
	ProjectSection(ProjectDependencies) = postProject
	EndProjectSection
EndProject
Global
	GlobalSection(SolutionConfigurationPlatforms) = preSolution
		Debug|x64 = Debug|x64
		Release|x64 = Release|x64
		MinSizeRel|x64 = MinSizeRel|x64
		RelWithDebInfo|x64 = RelWithDebInfo|x64
	EndGlobalSection
	GlobalSection(ProjectConfigurationPlatforms) = postSolution
		{657A9FC4-DBDD-3491-85E7-7AA2041B63C2}.Debug|x64.ActiveCfg = Debug|x64
		{657A9FC4-DBDD-3491-85E7-7AA2041B63C2}.Debug|x64.Build.0 = Debug|x64
		{657A9FC4-DBDD-3491-85E7-7AA2041B63C2}.Release|x64.ActiveCfg = Release|x64
		{657A9FC4-DBDD-3491-85E7-7AA2041B63C2}.Release|x64.Build.0 = Release|x64
		{657A9FC4-DBDD-3491-85E7-7AA2041B63C2}.MinSizeRel|x64.ActiveCfg = MinSizeRel|x64
		{657A9FC4-DBDD-3491-85E7-7AA2041B63C2}.MinSizeRel|x64.Build.0 = MinSizeRel|x64
		{657A9FC4-DBDD-3491-85E7-7AA2041B63C2}.RelWithDebInfo|x64.ActiveCfg = RelWithDebInfo|x64
		{657A9FC4-DBDD-3491-85E7-7AA2041B63C2}.RelWithDebInfo|x64.Build.0 = RelWithDebInfo|x64
		{D2E1F679-E8F5-34D3-9AF1-60134681F213}.Debug|x64.ActiveCfg = Debug|x64
		{D2E1F679-E8F5-34D3-9AF1-60134681F213}.Debug|x64.Build.0 = Debug|x64
		{D2E1F679-E8F5-34D3-9AF1-60134681F213}.Release|x64.ActiveCfg = Release|x64
		{D2E1F679-E8F5-34D3-9AF1-60134681F213}.Release|x64.Build.0 = Release|x64
		{D2E1F679-E8F5-34D3-9AF1-60134681F213}.MinSizeRel|x64.ActiveCfg = MinSizeRel|x64
		{D2E1F679-E8F5-34D3-9AF1-60134681F213}.MinSizeRel|x64.Build.0 = MinSizeRel|x64
		{D2E1F679-E8F5-34D3-9AF1-60134681F213}.RelWithDebInfo|x64.ActiveCfg = RelWithDebInfo|x64
		{D2E1F679-E8F5-34D3-9AF1-60134681F213}.RelWithDebInfo|x64.Build.0 = RelWithDebInfo|x64
		{8BE921A0-C6F1-3C67-9D0F-74D4F77145FC}.Debug|x64.ActiveCfg = Debug|x64
		{8BE921A0-C6F1-3C67-9D0F-74D4F77145FC}.Release|x64.ActiveCfg = Release|x64
		{8BE921A0-C6F1-3C67-9D0F-74D4F77145FC}.MinSizeRel|x64.ActiveCfg = MinSizeRel|x64
		{8BE921A0-C6F1-3C67-9D0F-74D4F77145FC}.RelWithDebInfo|x64.ActiveCfg = RelWithDebInfo|x64
		{DE67576A-5BF1-3CA0-8DDD-1A5DD595CC81}.Debug|x64.ActiveCfg = Debug|x64
		{DE67576A-5BF1-3CA0-8DDD-1A5DD595CC81}.Debug|x64.Build.0 = Debug|x64
		{DE67576A-5BF1-3CA0-8DDD-1A5DD595CC81}.Release|x64.ActiveCfg = Release|x64
		{DE67576A-5BF1-3CA0-8DDD-1A5DD595CC81}.Release|x64.Build.0 = Release|x64
		{DE67576A-5BF1-3CA0-8DDD-1A5DD595CC81}.MinSizeRel|x64.ActiveCfg = MinSizeRel|x64
		{DE67576A-5BF1-3CA0-8DDD-1A5DD595CC81}.MinSizeRel|x64.Build.0 = MinSizeRel|x64
		{DE67576A-5BF1-3CA0-8DDD-1A5DD595CC81}.RelWithDebInfo|x64.ActiveCfg = RelWithDebInfo|x64
		{DE67576A-5BF1-3CA0-8DDD-1A5DD595CC81}.RelWithDebInfo|x64.Build.0 = RelWithDebInfo|x64
		{B6DF1106-10C8-3BC7-B0AC-B1EBB6B6D294}.Debug|x64.ActiveCfg = Debug|x64
		{B6DF1106-10C8-3BC7-B0AC-B1EBB6B6D294}.Debug|x64.Build.0 = Debug|x64
		{B6DF1106-10C8-3BC7-B0AC-B1EBB6B6D294}.Release|x64.ActiveCfg = Release|x64
		{B6DF1106-10C8-3BC7-B0AC-B1EBB6B6D294}.Release|x64.Build.0 = Release|x64
		{B6DF1106-10C8-3BC7-B0AC-B1EBB6B6D294}.MinSizeRel|x64.ActiveCfg = MinSizeRel|x64
		{B6DF1106-10C8-3BC7-B0AC-B1EBB6B6D294}.MinSizeRel|x64.Build.0 = MinSizeRel|x64
		{B6DF1106-10C8-3BC7-B0AC-B1EBB6B6D294}.RelWithDebInfo|x64.ActiveCfg = RelWithDebInfo|x64
		{B6DF1106-10C8-3BC7-B0AC-B1EBB6B6D294}.RelWithDebInfo|x64.Build.0 = RelWithDebInfo|x64
		{6EF74E9F-1F8D-3776-8E7E-41254C5C1C7A}.Debug|x64.ActiveCfg = Debug|x64
		{6EF74E9F-1F8D-3776-8E7E-41254C5C1C7A}.Debug|x64.Build.0 = Debug|x64
		{6EF74E9F-1F8D-3776-8E7E-41254C5C1C7A}.Release|x64.ActiveCfg = Release|x64
		{6EF74E9F-1F8D-3776-8E7E-41254C5C1C7A}.Release|x64.Build.0 = Release|x64
		{6EF74E9F-1F8D-3776-8E7E-41254C5C1C7A}.MinSizeRel|x64.ActiveCfg = MinSizeRel|x64
		{6EF74E9F-1F8D-3776-8E7E-41254C5C1C7A}.MinSizeRel|x64.Build.0 = MinSizeRel|x64
		{6EF74E9F-1F8D-3776-8E7E-41254C5C1C7A}.RelWithDebInfo|x64.ActiveCfg = RelWithDebInfo|x64
		{6EF74E9F-1F8D-3776-8E7E-41254C5C1C7A}.RelWithDebInfo|x64.Build.0 = RelWithDebInfo|x64
		{E6876218-8B89-3A8E-B497-D6D88A3F9018}.Debug|x64.ActiveCfg = Debug|x64
		{E6876218-8B89-3A8E-B497-D6D88A3F9018}.Debug|x64.Build.0 = Debug|x64
		{E6876218-8B89-3A8E-B497-D6D88A3F9018}.Release|x64.ActiveCfg = Release|x64
		{E6876218-8B89-3A8E-B497-D6D88A3F9018}.Release|x64.Build.0 = Release|x64
		{E6876218-8B89-3A8E-B497-D6D88A3F9018}.MinSizeRel|x64.ActiveCfg = MinSizeRel|x64
		{E6876218-8B89-3A8E-B497-D6D88A3F9018}.MinSizeRel|x64.Build.0 = MinSizeRel|x64
		{E6876218-8B89-3A8E-B497-D6D88A3F9018}.RelWithDebInfo|x64.ActiveCfg = RelWithDebInfo|x64
		{E6876218-8B89-3A8E-B497-D6D88A3F9018}.RelWithDebInfo|x64.Build.0 = RelWithDebInfo|x64
		{6F8C6FA1-C10F-344A-9726-1206DF0E60C2}.Debug|x64.ActiveCfg = Debug|x64
		{6F8C6FA1-C10F-344A-9726-1206DF0E60C2}.Debug|x64.Build.0 = Debug|x64
		{6F8C6FA1-C10F-344A-9726-1206DF0E60C2}.Release|x64.ActiveCfg = Release|x64
		{6F8C6FA1-C10F-344A-9726-1206DF0E60C2}.Release|x64.Build.0 = Release|x64
		{6F8C6FA1-C10F-344A-9726-1206DF0E60C2}.MinSizeRel|x64.ActiveCfg = MinSizeRel|x64
		{6F8C6FA1-C10F-344A-9726-1206DF0E60C2}.MinSizeRel|x64.Build.0 = MinSizeRel|x64
		{6F8C6FA1-C10F-344A-9726-1206DF0E60C2}.RelWithDebInfo|x64.ActiveCfg = RelWithDebInfo|x64
		{6F8C6FA1-C10F-344A-9726-1206DF0E60C2}.RelWithDebInfo|x64.Build.0 = RelWithDebInfo|x64
		{36D808E4-C70C-3BD6-A7E9-B3C2A660BFF7}.Debug|x64.ActiveCfg = Debug|x64
		{36D808E4-C70C-3BD6-A7E9-B3C2A660BFF7}.Debug|x64.Build.0 = Debug|x64
		{36D808E4-C70C-3BD6-A7E9-B3C2A660BFF7}.Release|x64.ActiveCfg = Release|x64
		{36D808E4-C70C-3BD6-A7E9-B3C2A660BFF7}.Release|x64.Build.0 = Release|x64
		{36D808E4-C70C-3BD6-A7E9-B3C2A660BFF7}.MinSizeRel|x64.ActiveCfg = MinSizeRel|x64
		{36D808E4-C70C-3BD6-A7E9-B3C2A660BFF7}.MinSizeRel|x64.Build.0 = MinSizeRel|x64
		{36D808E4-C70C-3BD6-A7E9-B3C2A660BFF7}.RelWithDebInfo|x64.ActiveCfg = RelWithDebInfo|x64
		{36D808E4-C70C-3BD6-A7E9-B3C2A660BFF7}.RelWithDebInfo|x64.Build.0 = RelWithDebInfo|x64
		{5729F205-695B-3D01-8250-1FB682380BD9}.Debug|x64.ActiveCfg = Debug|x64
		{5729F205-695B-3D01-8250-1FB682380BD9}.Debug|x64.Build.0 = Debug|x64
		{5729F205-695B-3D01-8250-1FB682380BD9}.Release|x64.ActiveCfg = Release|x64
		{5729F205-695B-3D01-8250-1FB682380BD9}.Release|x64.Build.0 = Release|x64
		{5729F205-695B-3D01-8250-1FB682380BD9}.MinSizeRel|x64.ActiveCfg = MinSizeRel|x64
		{5729F205-695B-3D01-8250-1FB682380BD9}.MinSizeRel|x64.Build.0 = MinSizeRel|x64
		{5729F205-695B-3D01-8250-1FB682380BD9}.RelWithDebInfo|x64.ActiveCfg = RelWithDebInfo|x64
		{5729F205-695B-3D01-8250-1FB682380BD9}.RelWithDebInfo|x64.Build.0 = RelWithDebInfo|x64
	EndGlobalSection
	GlobalSection(NestedProjects) = preSolution
		{657A9FC4-DBDD-3491-85E7-7AA2041B63C2} = {02FF2DA9-C484-3AF1-9998-E74F6C969892}
		{8BE921A0-C6F1-3C67-9D0F-74D4F77145FC} = {02FF2DA9-C484-3AF1-9998-E74F6C969892}
		{6EF74E9F-1F8D-3776-8E7E-41254C5C1C7A} = {78DF4FDA-9DC0-3548-9684-56846B51C66C}
	EndGlobalSection
	GlobalSection(ExtensibilityGlobals) = postSolution
		SolutionGuid = {088E0A5D-CAD9-3A45-A469-50323149477B}
	EndGlobalSection
	GlobalSection(ExtensibilityAddIns) = postSolution
	EndGlobalSection
EndGlobal
