<?xml version="1.0" encoding="utf-8"?>
<Project ToolsVersion="16.0" xmlns="http://schemas.microsoft.com/developer/msbuild/2003">
  <ItemGroup>
    <ClCompile Include="C:\Users\artur\OneDrive\Desktop\IS\FlingEngine\FlingEngine\Core\src\Engine.cpp">
      <Filter>FlingEngine\Core\src</Filter>
    </ClCompile>
    <ClCompile Include="C:\Users\artur\OneDrive\Desktop\IS\FlingEngine\FlingEngine\Core\src\FlingMath.cpp">
      <Filter>FlingEngine\Core\src</Filter>
    </ClCompile>
    <ClCompile Include="C:\Users\artur\OneDrive\Desktop\IS\FlingEngine\FlingEngine\Core\src\Input\Key.cpp">
      <Filter>FlingEngine\Core\src\Input</Filter>
    </ClCompile>
    <ClCompile Include="C:\Users\artur\OneDrive\Desktop\IS\FlingEngine\FlingEngine\Core\src\Input\LinuxInput.cpp">
      <Filter>FlingEngine\Core\src\Input</Filter>
    </ClCompile>
    <ClCompile Include="C:\Users\artur\OneDrive\Desktop\IS\FlingEngine\FlingEngine\Core\src\Input\WindowsInput.cpp">
      <Filter>FlingEngine\Core\src\Input</Filter>
    </ClCompile>
    <ClCompile Include="C:\Users\artur\OneDrive\Desktop\IS\FlingEngine\FlingEngine\Core\src\Version.cpp">
      <Filter>FlingEngine\Core\src</Filter>
    </ClCompile>
    <ClCompile Include="C:\Users\artur\OneDrive\Desktop\IS\FlingEngine\FlingEngine\Editor\src\BaseEditor.cpp">
      <Filter>FlingEngine\Editor\src</Filter>
    </ClCompile>
    <ClCompile Include="C:\Users\artur\OneDrive\Desktop\IS\FlingEngine\FlingEngine\Gameplay\src\Components\Transform.cpp">
      <Filter>FlingEngine\Gameplay\src\Components</Filter>
    </ClCompile>
    <ClCompile Include="C:\Users\artur\OneDrive\Desktop\IS\FlingEngine\FlingEngine\Gameplay\src\FirstPersonCamera.cpp">
      <Filter>FlingEngine\Gameplay\src</Filter>
    </ClCompile>
    <ClCompile Include="C:\Users\artur\OneDrive\Desktop\IS\FlingEngine\FlingEngine\Gameplay\src\Level.cpp">
      <Filter>FlingEngine\Gameplay\src</Filter>
    </ClCompile>
    <ClCompile Include="C:\Users\artur\OneDrive\Desktop\IS\FlingEngine\FlingEngine\Gameplay\src\World.cpp">
      <Filter>FlingEngine\Gameplay\src</Filter>
    </ClCompile>
    <ClCompile Include="C:\Users\artur\OneDrive\Desktop\IS\FlingEngine\FlingEngine\Graphics\inc\Lighting\DirectionalLight.cpp">
      <Filter>FlingEngine\Graphics\inc\Lighting</Filter>
    </ClCompile>
    <ClCompile Include="C:\Users\artur\OneDrive\Desktop\IS\FlingEngine\FlingEngine\Graphics\src\Buffer.cpp">
      <Filter>FlingEngine\Graphics\src</Filter>
    </ClCompile>
    <ClCompile Include="C:\Users\artur\OneDrive\Desktop\IS\FlingEngine\FlingEngine\Graphics\src\Cubemap.cpp">
      <Filter>FlingEngine\Graphics\src</Filter>
    </ClCompile>
    <ClCompile Include="C:\Users\artur\OneDrive\Desktop\IS\FlingEngine\FlingEngine\Graphics\src\DepthBuffer.cpp">
      <Filter>FlingEngine\Graphics\src</Filter>
    </ClCompile>
    <ClCompile Include="C:\Users\artur\OneDrive\Desktop\IS\FlingEngine\FlingEngine\Graphics\src\DesktopWindow.cpp">
      <Filter>FlingEngine\Graphics\src</Filter>
    </ClCompile>
    <ClCompile Include="C:\Users\artur\OneDrive\Desktop\IS\FlingEngine\FlingEngine\Graphics\src\FlingImgui.cpp">
      <Filter>FlingEngine\Graphics\src</Filter>
    </ClCompile>
    <ClCompile Include="C:\Users\artur\OneDrive\Desktop\IS\FlingEngine\FlingEngine\Graphics\src\FlingWindow.cpp">
      <Filter>FlingEngine\Graphics\src</Filter>
    </ClCompile>
    <ClCompile Include="C:\Users\artur\OneDrive\Desktop\IS\FlingEngine\FlingEngine\Graphics\src\GraphicsHelpers.cpp">
      <Filter>FlingEngine\Graphics\src</Filter>
    </ClCompile>
    <ClCompile Include="C:\Users\artur\OneDrive\Desktop\IS\FlingEngine\FlingEngine\Graphics\src\Instance.cpp">
      <Filter>FlingEngine\Graphics\src</Filter>
    </ClCompile>
    <ClCompile Include="C:\Users\artur\OneDrive\Desktop\IS\FlingEngine\FlingEngine\Graphics\src\LogicalDevice.cpp">
      <Filter>FlingEngine\Graphics\src</Filter>
    </ClCompile>
    <ClCompile Include="C:\Users\artur\OneDrive\Desktop\IS\FlingEngine\FlingEngine\Graphics\src\Material.cpp">
      <Filter>FlingEngine\Graphics\src</Filter>
    </ClCompile>
    <ClCompile Include="C:\Users\artur\OneDrive\Desktop\IS\FlingEngine\FlingEngine\Graphics\src\MeshRenderer.cpp">
      <Filter>FlingEngine\Graphics\src</Filter>
    </ClCompile>
    <ClCompile Include="C:\Users\artur\OneDrive\Desktop\IS\FlingEngine\FlingEngine\Graphics\src\Model.cpp">
      <Filter>FlingEngine\Graphics\src</Filter>
    </ClCompile>
    <ClCompile Include="C:\Users\artur\OneDrive\Desktop\IS\FlingEngine\FlingEngine\Graphics\src\MultiSampler.cpp">
      <Filter>FlingEngine\Graphics\src</Filter>
    </ClCompile>
    <ClCompile Include="C:\Users\artur\OneDrive\Desktop\IS\FlingEngine\FlingEngine\Graphics\src\PhyscialDevice.cpp">
      <Filter>FlingEngine\Graphics\src</Filter>
    </ClCompile>
    <ClCompile Include="C:\Users\artur\OneDrive\Desktop\IS\FlingEngine\FlingEngine\Graphics\src\Renderer.cpp">
      <Filter>FlingEngine\Graphics\src</Filter>
    </ClCompile>
    <ClCompile Include="C:\Users\artur\OneDrive\Desktop\IS\FlingEngine\FlingEngine\Graphics\src\Sampler.cpp">
      <Filter>FlingEngine\Graphics\src</Filter>
    </ClCompile>
    <ClCompile Include="C:\Users\artur\OneDrive\Desktop\IS\FlingEngine\FlingEngine\Graphics\src\Shader.cpp">
      <Filter>FlingEngine\Graphics\src</Filter>
    </ClCompile>
    <ClCompile Include="C:\Users\artur\OneDrive\Desktop\IS\FlingEngine\FlingEngine\Graphics\src\ShaderProgram.cpp">
      <Filter>FlingEngine\Graphics\src</Filter>
    </ClCompile>
    <ClCompile Include="C:\Users\artur\OneDrive\Desktop\IS\FlingEngine\FlingEngine\Graphics\src\SwapChain.cpp">
      <Filter>FlingEngine\Graphics\src</Filter>
    </ClCompile>
    <ClCompile Include="C:\Users\artur\OneDrive\Desktop\IS\FlingEngine\FlingEngine\Graphics\src\UniformBufferObject.cpp">
      <Filter>FlingEngine\Graphics\src</Filter>
    </ClCompile>
    <ClCompile Include="C:\Users\artur\OneDrive\Desktop\IS\FlingEngine\FlingEngine\Resources\src\File.cpp">
      <Filter>FlingEngine\Resources\src</Filter>
    </ClCompile>
    <ClCompile Include="C:\Users\artur\OneDrive\Desktop\IS\FlingEngine\FlingEngine\Resources\src\FlingConfig.cpp">
      <Filter>FlingEngine\Resources\src</Filter>
    </ClCompile>
    <ClCompile Include="C:\Users\artur\OneDrive\Desktop\IS\FlingEngine\FlingEngine\Resources\src\FlingPaths.cpp">
      <Filter>FlingEngine\Resources\src</Filter>
    </ClCompile>
    <ClCompile Include="C:\Users\artur\OneDrive\Desktop\IS\FlingEngine\FlingEngine\Resources\src\Image.cpp">
      <Filter>FlingEngine\Resources\src</Filter>
    </ClCompile>
    <ClCompile Include="C:\Users\artur\OneDrive\Desktop\IS\FlingEngine\FlingEngine\Resources\src\JsonFile.cpp">
      <Filter>FlingEngine\Resources\src</Filter>
    </ClCompile>
    <ClCompile Include="C:\Users\artur\OneDrive\Desktop\IS\FlingEngine\FlingEngine\Resources\src\Resource.cpp">
      <Filter>FlingEngine\Resources\src</Filter>
    </ClCompile>
    <ClCompile Include="C:\Users\artur\OneDrive\Desktop\IS\FlingEngine\FlingEngine\Resources\src\ResourceManager.cpp">
      <Filter>FlingEngine\Resources\src</Filter>
    </ClCompile>
    <ClCompile Include="C:\Users\artur\OneDrive\Desktop\IS\FlingEngine\FlingEngine\Utils\src\Logger.cpp">
      <Filter>FlingEngine\Utils\src</Filter>
    </ClCompile>
    <ClCompile Include="C:\Users\artur\OneDrive\Desktop\IS\FlingEngine\FlingEngine\Utils\src\Memory.cpp">
      <Filter>FlingEngine\Utils\src</Filter>
    </ClCompile>
    <ClCompile Include="C:\Users\artur\OneDrive\Desktop\IS\FlingEngine\FlingEngine\Utils\src\Random.cpp">
      <Filter>FlingEngine\Utils\src</Filter>
    </ClCompile>
    <ClCompile Include="C:\Users\artur\OneDrive\Desktop\IS\FlingEngine\FlingEngine\Utils\src\Stats.cpp">
      <Filter>FlingEngine\Utils\src</Filter>
    </ClCompile>
    <ClCompile Include="C:\Users\artur\OneDrive\Desktop\IS\FlingEngine\FlingEngine\Utils\src\Timing.cpp">
      <Filter>FlingEngine\Utils\src</Filter>
    </ClCompile>
    <ClCompile Include="C:\Users\artur\OneDrive\Desktop\IS\FlingEngine\FlingEngine\Utils\src\pch.cpp">
      <Filter>FlingEngine\Utils\src</Filter>
    </ClCompile>
    <ClCompile Include="C:\Users\artur\OneDrive\Desktop\IS\FlingEngine\FlingEngine\build\CMakeFiles\3.15.2\CompilerIdCXX\CMakeCXXCompilerId.cpp">
      <Filter>FlingEngine\build\CMakeFiles\3.15.2\CompilerIdCXX</Filter>
    </ClCompile>
    <ClCompile Include="C:\Users\artur\OneDrive\Desktop\IS\FlingEngine\Generated\FlingAssetPaths.cpp">
      <Filter>Generated</Filter>
    </ClCompile>
  </ItemGroup>
  <ItemGroup>
    <ClInclude Include="C:\Users\artur\OneDrive\Desktop\IS\FlingEngine\FlingEngine\Core\inc\Engine.h">
      <Filter>FlingEngine\Core\inc</Filter>
    </ClInclude>
    <ClInclude Include="C:\Users\artur\OneDrive\Desktop\IS\FlingEngine\FlingEngine\Core\inc\FlingEngine.h">
      <Filter>FlingEngine\Core\inc</Filter>
    </ClInclude>
    <ClInclude Include="C:\Users\artur\OneDrive\Desktop\IS\FlingEngine\FlingEngine\Core\inc\FlingMath.h">
      <Filter>FlingEngine\Core\inc</Filter>
    </ClInclude>
    <ClInclude Include="C:\Users\artur\OneDrive\Desktop\IS\FlingEngine\FlingEngine\Core\inc\GitVersion_TEMPLATE.h.in">
      <Filter>FlingEngine\Core\inc</Filter>
    </ClInclude>
    <ClInclude Include="C:\Users\artur\OneDrive\Desktop\IS\FlingEngine\FlingEngine\Core\inc\Input\Input.h">
      <Filter>FlingEngine\Core\inc\Input</Filter>
    </ClInclude>
    <ClInclude Include="C:\Users\artur\OneDrive\Desktop\IS\FlingEngine\FlingEngine\Core\inc\Input\Input.inl">
      <Filter>FlingEngine\Core\inc\Input</Filter>
    </ClInclude>
    <ClInclude Include="C:\Users\artur\OneDrive\Desktop\IS\FlingEngine\FlingEngine\Core\inc\Input\Key.h">
      <Filter>FlingEngine\Core\inc\Input</Filter>
    </ClInclude>
    <ClInclude Include="C:\Users\artur\OneDrive\Desktop\IS\FlingEngine\FlingEngine\Core\inc\Input\KeyState.h">
      <Filter>FlingEngine\Core\inc\Input</Filter>
    </ClInclude>
    <ClInclude Include="C:\Users\artur\OneDrive\Desktop\IS\FlingEngine\FlingEngine\Core\inc\Input\LinuxInput.h">
      <Filter>FlingEngine\Core\inc\Input</Filter>
    </ClInclude>
    <ClInclude Include="C:\Users\artur\OneDrive\Desktop\IS\FlingEngine\FlingEngine\Core\inc\Input\LinuxKeycodes.h">
      <Filter>FlingEngine\Core\inc\Input</Filter>
    </ClInclude>
    <ClInclude Include="C:\Users\artur\OneDrive\Desktop\IS\FlingEngine\FlingEngine\Core\inc\Input\WindowsInput.h">
      <Filter>FlingEngine\Core\inc\Input</Filter>
    </ClInclude>
    <ClInclude Include="C:\Users\artur\OneDrive\Desktop\IS\FlingEngine\FlingEngine\Core\inc\Input\WindowsKeycodes.h">
      <Filter>FlingEngine\Core\inc\Input</Filter>
    </ClInclude>
    <ClInclude Include="C:\Users\artur\OneDrive\Desktop\IS\FlingEngine\FlingEngine\Core\inc\Serilization.h">
      <Filter>FlingEngine\Core\inc</Filter>
    </ClInclude>
    <ClInclude Include="C:\Users\artur\OneDrive\Desktop\IS\FlingEngine\FlingEngine\Core\inc\Version.h">
      <Filter>FlingEngine\Core\inc</Filter>
    </ClInclude>
    <ClInclude Include="C:\Users\artur\OneDrive\Desktop\IS\FlingEngine\FlingEngine\Editor\inc\BaseEditor.h">
      <Filter>FlingEngine\Editor\inc</Filter>
    </ClInclude>
    <ClInclude Include="C:\Users\artur\OneDrive\Desktop\IS\FlingEngine\FlingEngine\Gameplay\inc\Camera.h">
      <Filter>FlingEngine\Gameplay\inc</Filter>
    </ClInclude>
    <ClInclude Include="C:\Users\artur\OneDrive\Desktop\IS\FlingEngine\FlingEngine\Gameplay\inc\Components\Name.hpp">
      <Filter>FlingEngine\Gameplay\inc\Components</Filter>
    </ClInclude>
    <ClInclude Include="C:\Users\artur\OneDrive\Desktop\IS\FlingEngine\FlingEngine\Gameplay\inc\Components\Transform.h">
      <Filter>FlingEngine\Gameplay\inc\Components</Filter>
    </ClInclude>
    <ClInclude Include="C:\Users\artur\OneDrive\Desktop\IS\FlingEngine\FlingEngine\Gameplay\inc\FirstPersonCamera.h">
      <Filter>FlingEngine\Gameplay\inc</Filter>
    </ClInclude>
    <ClInclude Include="C:\Users\artur\OneDrive\Desktop\IS\FlingEngine\FlingEngine\Gameplay\inc\Game.h">
      <Filter>FlingEngine\Gameplay\inc</Filter>
    </ClInclude>
    <ClInclude Include="C:\Users\artur\OneDrive\Desktop\IS\FlingEngine\FlingEngine\Gameplay\inc\Level.h">
      <Filter>FlingEngine\Gameplay\inc</Filter>
    </ClInclude>
    <ClInclude Include="C:\Users\artur\OneDrive\Desktop\IS\FlingEngine\FlingEngine\Gameplay\inc\World.h">
      <Filter>FlingEngine\Gameplay\inc</Filter>
    </ClInclude>
    <ClInclude Include="C:\Users\artur\OneDrive\Desktop\IS\FlingEngine\FlingEngine\Gameplay\inc\World.inl">
      <Filter>FlingEngine\Gameplay\inc</Filter>
    </ClInclude>
    <ClInclude Include="C:\Users\artur\OneDrive\Desktop\IS\FlingEngine\FlingEngine\Graphics\inc\Buffer.h">
      <Filter>FlingEngine\Graphics\inc</Filter>
    </ClInclude>
    <ClInclude Include="C:\Users\artur\OneDrive\Desktop\IS\FlingEngine\FlingEngine\Graphics\inc\Cubemap.h">
      <Filter>FlingEngine\Graphics\inc</Filter>
    </ClInclude>
    <ClInclude Include="C:\Users\artur\OneDrive\Desktop\IS\FlingEngine\FlingEngine\Graphics\inc\DepthBuffer.h">
      <Filter>FlingEngine\Graphics\inc</Filter>
    </ClInclude>
    <ClInclude Include="C:\Users\artur\OneDrive\Desktop\IS\FlingEngine\FlingEngine\Graphics\inc\DesktopWindow.h">
      <Filter>FlingEngine\Graphics\inc</Filter>
    </ClInclude>
    <ClInclude Include="C:\Users\artur\OneDrive\Desktop\IS\FlingEngine\FlingEngine\Graphics\inc\FlingImgui.h">
      <Filter>FlingEngine\Graphics\inc</Filter>
    </ClInclude>
    <ClInclude Include="C:\Users\artur\OneDrive\Desktop\IS\FlingEngine\FlingEngine\Graphics\inc\FlingVulkan.h">
      <Filter>FlingEngine\Graphics\inc</Filter>
    </ClInclude>
    <ClInclude Include="C:\Users\artur\OneDrive\Desktop\IS\FlingEngine\FlingEngine\Graphics\inc\FlingWindow.h">
      <Filter>FlingEngine\Graphics\inc</Filter>
    </ClInclude>
    <ClInclude Include="C:\Users\artur\OneDrive\Desktop\IS\FlingEngine\FlingEngine\Graphics\inc\GraphicsHelpers.h">
      <Filter>FlingEngine\Graphics\inc</Filter>
    </ClInclude>
    <ClInclude Include="C:\Users\artur\OneDrive\Desktop\IS\FlingEngine\FlingEngine\Graphics\inc\Instance.h">
      <Filter>FlingEngine\Graphics\inc</Filter>
    </ClInclude>
    <ClInclude Include="C:\Users\artur\OneDrive\Desktop\IS\FlingEngine\FlingEngine\Graphics\inc\Lighting\DirectionalLight.hpp">
      <Filter>FlingEngine\Graphics\inc\Lighting</Filter>
    </ClInclude>
    <ClInclude Include="C:\Users\artur\OneDrive\Desktop\IS\FlingEngine\FlingEngine\Graphics\inc\Lighting\PointLight.hpp">
      <Filter>FlingEngine\Graphics\inc\Lighting</Filter>
    </ClInclude>
    <ClInclude Include="C:\Users\artur\OneDrive\Desktop\IS\FlingEngine\FlingEngine\Graphics\inc\LogicalDevice.h">
      <Filter>FlingEngine\Graphics\inc</Filter>
    </ClInclude>
    <ClInclude Include="C:\Users\artur\OneDrive\Desktop\IS\FlingEngine\FlingEngine\Graphics\inc\Material.h">
      <Filter>FlingEngine\Graphics\inc</Filter>
    </ClInclude>
    <ClInclude Include="C:\Users\artur\OneDrive\Desktop\IS\FlingEngine\FlingEngine\Graphics\inc\MeshRenderer.h">
      <Filter>FlingEngine\Graphics\inc</Filter>
    </ClInclude>
    <ClInclude Include="C:\Users\artur\OneDrive\Desktop\IS\FlingEngine\FlingEngine\Graphics\inc\Model.h">
      <Filter>FlingEngine\Graphics\inc</Filter>
    </ClInclude>
    <ClInclude Include="C:\Users\artur\OneDrive\Desktop\IS\FlingEngine\FlingEngine\Graphics\inc\MultiSampler.h">
      <Filter>FlingEngine\Graphics\inc</Filter>
    </ClInclude>
    <ClInclude Include="C:\Users\artur\OneDrive\Desktop\IS\FlingEngine\FlingEngine\Graphics\inc\PhyscialDevice.h">
      <Filter>FlingEngine\Graphics\inc</Filter>
    </ClInclude>
    <ClInclude Include="C:\Users\artur\OneDrive\Desktop\IS\FlingEngine\FlingEngine\Graphics\inc\Renderer.h">
      <Filter>FlingEngine\Graphics\inc</Filter>
    </ClInclude>
    <ClInclude Include="C:\Users\artur\OneDrive\Desktop\IS\FlingEngine\FlingEngine\Graphics\inc\Sampler.hpp">
      <Filter>FlingEngine\Graphics\inc</Filter>
    </ClInclude>
    <ClInclude Include="C:\Users\artur\OneDrive\Desktop\IS\FlingEngine\FlingEngine\Graphics\inc\Shader.h">
      <Filter>FlingEngine\Graphics\inc</Filter>
    </ClInclude>
    <ClInclude Include="C:\Users\artur\OneDrive\Desktop\IS\FlingEngine\FlingEngine\Graphics\inc\ShaderProgram.h">
      <Filter>FlingEngine\Graphics\inc</Filter>
    </ClInclude>
    <ClInclude Include="C:\Users\artur\OneDrive\Desktop\IS\FlingEngine\FlingEngine\Graphics\inc\SwapChain.h">
      <Filter>FlingEngine\Graphics\inc</Filter>
    </ClInclude>
    <ClInclude Include="C:\Users\artur\OneDrive\Desktop\IS\FlingEngine\FlingEngine\Graphics\inc\UniformBufferObject.h">
      <Filter>FlingEngine\Graphics\inc</Filter>
    </ClInclude>
    <ClInclude Include="C:\Users\artur\OneDrive\Desktop\IS\FlingEngine\FlingEngine\Graphics\inc\Vertex.h">
      <Filter>FlingEngine\Graphics\inc</Filter>
    </ClInclude>
    <ClInclude Include="C:\Users\artur\OneDrive\Desktop\IS\FlingEngine\FlingEngine\Platform\inc\FlingExports.h">
      <Filter>FlingEngine\Platform\inc</Filter>
    </ClInclude>
    <ClInclude Include="C:\Users\artur\OneDrive\Desktop\IS\FlingEngine\FlingEngine\Platform\inc\FlingLinuxExports.h">
      <Filter>FlingEngine\Platform\inc</Filter>
    </ClInclude>
    <ClInclude Include="C:\Users\artur\OneDrive\Desktop\IS\FlingEngine\FlingEngine\Platform\inc\FlingWindowsExports.h">
      <Filter>FlingEngine\Platform\inc</Filter>
    </ClInclude>
    <ClInclude Include="C:\Users\artur\OneDrive\Desktop\IS\FlingEngine\FlingEngine\Platform\inc\ImGuiInputBinding.hpp">
      <Filter>FlingEngine\Platform\inc</Filter>
    </ClInclude>
    <ClInclude Include="C:\Users\artur\OneDrive\Desktop\IS\FlingEngine\FlingEngine\Platform\inc\Platform.h">
      <Filter>FlingEngine\Platform\inc</Filter>
    </ClInclude>
    <ClInclude Include="C:\Users\artur\OneDrive\Desktop\IS\FlingEngine\FlingEngine\Platform\inc\PlatformLinux.h">
      <Filter>FlingEngine\Platform\inc</Filter>
    </ClInclude>
    <ClInclude Include="C:\Users\artur\OneDrive\Desktop\IS\FlingEngine\FlingEngine\Platform\inc\PlatformWindows.h">
      <Filter>FlingEngine\Platform\inc</Filter>
    </ClInclude>
    <ClInclude Include="C:\Users\artur\OneDrive\Desktop\IS\FlingEngine\FlingEngine\Resources\inc\File.h">
      <Filter>FlingEngine\Resources\inc</Filter>
    </ClInclude>
    <ClInclude Include="C:\Users\artur\OneDrive\Desktop\IS\FlingEngine\FlingEngine\Resources\inc\FlingConfig.h">
      <Filter>FlingEngine\Resources\inc</Filter>
    </ClInclude>
    <ClInclude Include="C:\Users\artur\OneDrive\Desktop\IS\FlingEngine\FlingEngine\Resources\inc\FlingPaths.h">
      <Filter>FlingEngine\Resources\inc</Filter>
    </ClInclude>
    <ClInclude Include="C:\Users\artur\OneDrive\Desktop\IS\FlingEngine\FlingEngine\Resources\inc\Image.h">
      <Filter>FlingEngine\Resources\inc</Filter>
    </ClInclude>
    <ClInclude Include="C:\Users\artur\OneDrive\Desktop\IS\FlingEngine\FlingEngine\Resources\inc\JsonFile.h">
      <Filter>FlingEngine\Resources\inc</Filter>
    </ClInclude>
    <ClInclude Include="C:\Users\artur\OneDrive\Desktop\IS\FlingEngine\FlingEngine\Resources\inc\Resource.h">
      <Filter>FlingEngine\Resources\inc</Filter>
    </ClInclude>
    <ClInclude Include="C:\Users\artur\OneDrive\Desktop\IS\FlingEngine\FlingEngine\Resources\inc\ResourceManager.h">
      <Filter>FlingEngine\Resources\inc</Filter>
    </ClInclude>
    <ClInclude Include="C:\Users\artur\OneDrive\Desktop\IS\FlingEngine\FlingEngine\Resources\src\FlingAssetPaths.cpp.in">
      <Filter>FlingEngine\Resources\src</Filter>
    </ClInclude>
    <ClInclude Include="C:\Users\artur\OneDrive\Desktop\IS\FlingEngine\FlingEngine\Utils\inc\CircularBuffer.hpp">
      <Filter>FlingEngine\Utils\inc</Filter>
    </ClInclude>
    <ClInclude Include="C:\Users\artur\OneDrive\Desktop\IS\FlingEngine\FlingEngine\Utils\inc\FlingTypes.h">
      <Filter>FlingEngine\Utils\inc</Filter>
    </ClInclude>
    <ClInclude Include="C:\Users\artur\OneDrive\Desktop\IS\FlingEngine\FlingEngine\Utils\inc\Logger.h">
      <Filter>FlingEngine\Utils\inc</Filter>
    </ClInclude>
    <ClInclude Include="C:\Users\artur\OneDrive\Desktop\IS\FlingEngine\FlingEngine\Utils\inc\Memory.h">
      <Filter>FlingEngine\Utils\inc</Filter>
    </ClInclude>
    <ClInclude Include="C:\Users\artur\OneDrive\Desktop\IS\FlingEngine\FlingEngine\Utils\inc\MovingAverage.hpp">
      <Filter>FlingEngine\Utils\inc</Filter>
    </ClInclude>
    <ClInclude Include="C:\Users\artur\OneDrive\Desktop\IS\FlingEngine\FlingEngine\Utils\inc\NonCopyable.hpp">
      <Filter>FlingEngine\Utils\inc</Filter>
    </ClInclude>
    <ClInclude Include="C:\Users\artur\OneDrive\Desktop\IS\FlingEngine\FlingEngine\Utils\inc\Random.h">
      <Filter>FlingEngine\Utils\inc</Filter>
    </ClInclude>
    <ClInclude Include="C:\Users\artur\OneDrive\Desktop\IS\FlingEngine\FlingEngine\Utils\inc\Singleton.hpp">
      <Filter>FlingEngine\Utils\inc</Filter>
    </ClInclude>
    <ClInclude Include="C:\Users\artur\OneDrive\Desktop\IS\FlingEngine\FlingEngine\Utils\inc\Stats.h">
      <Filter>FlingEngine\Utils\inc</Filter>
    </ClInclude>
    <ClInclude Include="C:\Users\artur\OneDrive\Desktop\IS\FlingEngine\FlingEngine\Utils\inc\Timing.h">
      <Filter>FlingEngine\Utils\inc</Filter>
    </ClInclude>
    <ClInclude Include="C:\Users\artur\OneDrive\Desktop\IS\FlingEngine\FlingEngine\Utils\inc\pch.h">
      <Filter>FlingEngine\Utils\inc</Filter>
    </ClInclude>
    <ClInclude Include="C:\Users\artur\OneDrive\Desktop\IS\FlingEngine\Generated\GitVersion.h">
      <Filter>Generated</Filter>
    </ClInclude>
  </ItemGroup>
  <ItemGroup>
    <Filter Include="FlingEngine">
      <UniqueIdentifier>{041750D1-C7DC-34A2-9158-F56B2BC26C4C}</UniqueIdentifier>
    </Filter>
    <Filter Include="FlingEngine\Core">
      <UniqueIdentifier>{A985D357-44E0-3D31-ACE2-5D05E884E597}</UniqueIdentifier>
    </Filter>
    <Filter Include="FlingEngine\Core\inc">
      <UniqueIdentifier>{72CBBEB2-F62E-3644-BBD2-CEC8BF844EFE}</UniqueIdentifier>
    </Filter>
    <Filter Include="FlingEngine\Core\inc\Input">
      <UniqueIdentifier>{A55C1907-B56B-3D06-A466-28E3FAE4D46C}</UniqueIdentifier>
    </Filter>
    <Filter Include="FlingEngine\Core\src">
      <UniqueIdentifier>{FA0FC097-113D-30BD-9981-03972669A94C}</UniqueIdentifier>
    </Filter>
    <Filter Include="FlingEngine\Core\src\Input">
      <UniqueIdentifier>{F6BADBEE-C40C-3B61-B0D7-90BF642D3A68}</UniqueIdentifier>
    </Filter>
    <Filter Include="FlingEngine\Editor">
      <UniqueIdentifier>{E66F1069-0E83-3217-8795-A593CC7D5722}</UniqueIdentifier>
    </Filter>
    <Filter Include="FlingEngine\Editor\inc">
      <UniqueIdentifier>{B3119653-1CB7-305A-A136-61010DBB2E70}</UniqueIdentifier>
    </Filter>
    <Filter Include="FlingEngine\Editor\src">
      <UniqueIdentifier>{346E778D-AD12-3B8E-8113-EE09B68D4C7D}</UniqueIdentifier>
    </Filter>
    <Filter Include="FlingEngine\Gameplay">
      <UniqueIdentifier>{B08F0F5F-E414-34B8-B5D2-86AFC2BD5C9D}</UniqueIdentifier>
    </Filter>
    <Filter Include="FlingEngine\Gameplay\inc">
      <UniqueIdentifier>{866DB611-AC58-3212-9A18-8949AECA7D4C}</UniqueIdentifier>
    </Filter>
    <Filter Include="FlingEngine\Gameplay\inc\Components">
      <UniqueIdentifier>{79B0F5AC-4CBE-3BDD-9D44-451D5431B78D}</UniqueIdentifier>
    </Filter>
    <Filter Include="FlingEngine\Gameplay\src">
      <UniqueIdentifier>{5BD1E4FD-6288-31D5-A61C-D125DDB695D0}</UniqueIdentifier>
    </Filter>
    <Filter Include="FlingEngine\Gameplay\src\Components">
      <UniqueIdentifier>{F26C02BA-F265-346D-B36A-2826560159AF}</UniqueIdentifier>
    </Filter>
    <Filter Include="FlingEngine\Graphics">
      <UniqueIdentifier>{A7901B07-BAE7-33E9-9308-01582664971B}</UniqueIdentifier>
    </Filter>
    <Filter Include="FlingEngine\Graphics\inc">
      <UniqueIdentifier>{9ECBDD11-1C0D-34CF-97B7-A928FF280073}</UniqueIdentifier>
    </Filter>
    <Filter Include="FlingEngine\Graphics\inc\Lighting">
      <UniqueIdentifier>{973B7925-8845-3168-ADF8-2EB3BDF6E38D}</UniqueIdentifier>
    </Filter>
    <Filter Include="FlingEngine\Graphics\src">
      <UniqueIdentifier>{AD0D79C0-FC8A-3A09-8ABC-60663C56802A}</UniqueIdentifier>
    </Filter>
    <Filter Include="FlingEngine\Platform">
      <UniqueIdentifier>{DC111246-DD14-3165-AA90-815927651836}</UniqueIdentifier>
    </Filter>
    <Filter Include="FlingEngine\Platform\inc">
      <UniqueIdentifier>{892598A8-03ED-3515-9F6F-5D11C776149B}</UniqueIdentifier>
    </Filter>
    <Filter Include="FlingEngine\Resources">
      <UniqueIdentifier>{0C611FFE-7C77-3DAA-A2EC-390EC8F4B033}</UniqueIdentifier>
    </Filter>
    <Filter Include="FlingEngine\Resources\inc">
      <UniqueIdentifier>{8BDC1ADD-9045-353B-96C3-5A3B68F6479E}</UniqueIdentifier>
    </Filter>
    <Filter Include="FlingEngine\Resources\src">
      <UniqueIdentifier>{7FE22874-F745-328C-9448-08C835A0E21F}</UniqueIdentifier>
    </Filter>
    <Filter Include="FlingEngine\Utils">
      <UniqueIdentifier>{9C90710F-27BB-3783-AFE2-7BFC3C87BD57}</UniqueIdentifier>
    </Filter>
    <Filter Include="FlingEngine\Utils\inc">
      <UniqueIdentifier>{F22E46F6-419E-332B-A636-C714BADF8B0C}</UniqueIdentifier>
    </Filter>
    <Filter Include="FlingEngine\Utils\src">
      <UniqueIdentifier>{2A246BFF-2F02-3F8C-B9EE-F82370804601}</UniqueIdentifier>
    </Filter>
    <Filter Include="FlingEngine\build">
      <UniqueIdentifier>{C374EAF4-9C6E-376F-8879-A96A4F1038FE}</UniqueIdentifier>
    </Filter>
    <Filter Include="FlingEngine\build\CMakeFiles">
      <UniqueIdentifier>{B7680627-D238-34C9-9C27-364B6CFBFF79}</UniqueIdentifier>
    </Filter>
    <Filter Include="FlingEngine\build\CMakeFiles\3.15.2">
      <UniqueIdentifier>{CBE955F5-0D79-3B82-B94F-F1F970C5C28C}</UniqueIdentifier>
    </Filter>
    <Filter Include="FlingEngine\build\CMakeFiles\3.15.2\CompilerIdCXX">
      <UniqueIdentifier>{C40D8145-5CBF-3E92-9198-A7008E5AE605}</UniqueIdentifier>
    </Filter>
    <Filter Include="Generated">
      <UniqueIdentifier>{35D83E04-9DD6-32B1-BFAE-5404C4950185}</UniqueIdentifier>
    </Filter>
  </ItemGroup>
</Project>
